
Microsoft Visual Studio Solution File, Format Version 12.00
# Visual Studio 15
VisualStudioVersion = 15.0.28307.168
MinimumVisualStudioVersion = 10.0.40219.1
Project("{FAE04EC0-301F-11D3-BF4B-00C04F79EFBC}") = "MultiTenant", "MultiTenant\MultiTenant.csproj", "{7D488C96-94DC-4C81-8890-1EF72AAC2FD5}"
EndProject
Project("{FAE04EC0-301F-11D3-BF4B-00C04F79EFBC}") = "MultiTenant.Tests", "MultiTenant.Tests\MultiTenant.Tests.csproj", "{41E4AA39-8DF1-4B98-9B00-51663A4287A6}"
EndProject
Global
	GlobalSection(SolutionConfigurationPlatforms) = preSolution
		Debug|Any CPU = Debug|Any CPU
		Release|Any CPU = Release|Any CPU
	EndGlobalSection
	GlobalSection(ProjectConfigurationPlatforms) = postSolution
		{7D488C96-94DC-4C81-8890-1EF72AAC2FD5}.Debug|Any CPU.ActiveCfg = Debug|Any CPU
		{7D488C96-94DC-4C81-8890-1EF72AAC2FD5}.Debug|Any CPU.Build.0 = Debug|Any CPU
		{7D488C96-94DC-4C81-8890-1EF72AAC2FD5}.Release|Any CPU.ActiveCfg = Release|Any CPU
		{7D488C96-94DC-4C81-8890-1EF72AAC2FD5}.Release|Any CPU.Build.0 = Release|Any CPU
		{41E4AA39-8DF1-4B98-9B00-51663A4287A6}.Debug|Any CPU.ActiveCfg = Debug|Any CPU
		{41E4AA39-8DF1-4B98-9B00-51663A4287A6}.Debug|Any CPU.Build.0 = Debug|Any CPU
		{41E4AA39-8DF1-4B98-9B00-51663A4287A6}.Release|Any CPU.ActiveCfg = Release|Any CPU
		{41E4AA39-8DF1-4B98-9B00-51663A4287A6}.Release|Any CPU.Build.0 = Release|Any CPU
	EndGlobalSection
	GlobalSection(SolutionProperties) = preSolution
		HideSolutionNode = FALSE
	EndGlobalSection
	GlobalSection(ExtensibilityGlobals) = postSolution
		SolutionGuid = {9A1166F0-2F03-469F-A0B1-5BB2E1CC2884}
	EndGlobalSection
EndGlobal
